// !$*UTF8*$!
{
	archiveVersion = 1;
	classes = {
	};
	objectVersion = 46;
	objects = {

/* Begin PBXBuildFile section */
		5A19E59418E8D76B00CD194F /* ghost.tif in Resources */ = {isa = PBXBuildFile; fileRef = 5A19E59318E8D76B00CD194F /* ghost.tif */; };
		5A1A14421887687E00E162E7 /* TileMap.m in Sources */ = {isa = PBXBuildFile; fileRef = 5A1A14411887687E00E162E7 /* TileMap.m */; };
		5A1A1444188769FB00E162E7 /* L1.txt in Resources */ = {isa = PBXBuildFile; fileRef = 5A1A1443188769FB00E162E7 /* L1.txt */; };
		5A1A1447188830E900E162E7 /* Player.m in Sources */ = {isa = PBXBuildFile; fileRef = 5A1A1446188830E900E162E7 /* Player.m */; };
		5A1A144A1888F21000E162E7 /* World.m in Sources */ = {isa = PBXBuildFile; fileRef = 5A1A14491888F21000E162E7 /* World.m */; };
		5A278C6D18C14F6400A7DE0C /* Ghost.m in Sources */ = {isa = PBXBuildFile; fileRef = 5A278C6C18C14F6400A7DE0C /* Ghost.m */; };
		5A33380B18EA095700155CDB /* LeftButton.tif in Resources */ = {isa = PBXBuildFile; fileRef = 5A33380A18EA095700155CDB /* LeftButton.tif */; };
		5A33380F18EA0A4A00155CDB /* JumpButton.tif in Resources */ = {isa = PBXBuildFile; fileRef = 5A33380C18EA0A4A00155CDB /* JumpButton.tif */; };
		5A33381018EA0A4A00155CDB /* RewindButton.tif in Resources */ = {isa = PBXBuildFile; fileRef = 5A33380D18EA0A4A00155CDB /* RewindButton.tif */; };
		5A33381118EA0A4A00155CDB /* RightButton.tif in Resources */ = {isa = PBXBuildFile; fileRef = 5A33380E18EA0A4A00155CDB /* RightButton.tif */; };
		5A35A544186E025500A9E223 /* Foundation.framework in Frameworks */ = {isa = PBXBuildFile; fileRef = 5A35A543186E025500A9E223 /* Foundation.framework */; };
		5A35A546186E025500A9E223 /* CoreGraphics.framework in Frameworks */ = {isa = PBXBuildFile; fileRef = 5A35A545186E025500A9E223 /* CoreGraphics.framework */; };
		5A35A548186E025500A9E223 /* UIKit.framework in Frameworks */ = {isa = PBXBuildFile; fileRef = 5A35A547186E025500A9E223 /* UIKit.framework */; };
		5A35A54A186E025500A9E223 /* SpriteKit.framework in Frameworks */ = {isa = PBXBuildFile; fileRef = 5A35A549186E025500A9E223 /* SpriteKit.framework */; };
		5A35A550186E025500A9E223 /* InfoPlist.strings in Resources */ = {isa = PBXBuildFile; fileRef = 5A35A54E186E025500A9E223 /* InfoPlist.strings */; };
		5A35A552186E025500A9E223 /* main.m in Sources */ = {isa = PBXBuildFile; fileRef = 5A35A551186E025500A9E223 /* main.m */; };
		5A35A556186E025500A9E223 /* AppDelegate.m in Sources */ = {isa = PBXBuildFile; fileRef = 5A35A555186E025500A9E223 /* AppDelegate.m */; };
		5A35A559186E025500A9E223 /* Main.storyboard in Resources */ = {isa = PBXBuildFile; fileRef = 5A35A557186E025500A9E223 /* Main.storyboard */; };
		5A35A55C186E025500A9E223 /* ViewController.m in Sources */ = {isa = PBXBuildFile; fileRef = 5A35A55B186E025500A9E223 /* ViewController.m */; };
		5A35A55F186E025500A9E223 /* MyScene.m in Sources */ = {isa = PBXBuildFile; fileRef = 5A35A55E186E025500A9E223 /* MyScene.m */; };
		5A35A563186E025500A9E223 /* Images.xcassets in Resources */ = {isa = PBXBuildFile; fileRef = 5A35A562186E025500A9E223 /* Images.xcassets */; };
		5A35A56A186E025500A9E223 /* XCTest.framework in Frameworks */ = {isa = PBXBuildFile; fileRef = 5A35A569186E025500A9E223 /* XCTest.framework */; };
		5A35A56B186E025500A9E223 /* Foundation.framework in Frameworks */ = {isa = PBXBuildFile; fileRef = 5A35A543186E025500A9E223 /* Foundation.framework */; };
		5A35A56C186E025500A9E223 /* UIKit.framework in Frameworks */ = {isa = PBXBuildFile; fileRef = 5A35A547186E025500A9E223 /* UIKit.framework */; };
		5A35A574186E025500A9E223 /* InfoPlist.strings in Resources */ = {isa = PBXBuildFile; fileRef = 5A35A572186E025500A9E223 /* InfoPlist.strings */; };
		5A35A576186E025500A9E223 /* RewindTests.m in Sources */ = {isa = PBXBuildFile; fileRef = 5A35A575186E025500A9E223 /* RewindTests.m */; };
		5A35A581186E05A100A9E223 /* player.jpg in Resources */ = {isa = PBXBuildFile; fileRef = 5A35A580186E05A100A9E223 /* player.jpg */; };
		5A35A585186E0A6400A9E223 /* wall.jpg in Resources */ = {isa = PBXBuildFile; fileRef = 5A35A584186E0A6400A9E223 /* wall.jpg */; };
		5A668C3418902BFB003F6324 /* Goal.m in Sources */ = {isa = PBXBuildFile; fileRef = 5A668C3318902BFB003F6324 /* Goal.m */; };
		5A668C3618902EF7003F6324 /* L2.txt in Resources */ = {isa = PBXBuildFile; fileRef = 5A668C3518902EF7003F6324 /* L2.txt */; };
		5A668C3A18903A19003F6324 /* goal.tif in Resources */ = {isa = PBXBuildFile; fileRef = 5A668C3918903A19003F6324 /* goal.tif */; };
		5A668C3C18903E7D003F6324 /* L3.txt in Resources */ = {isa = PBXBuildFile; fileRef = 5A668C3B18903E7D003F6324 /* L3.txt */; };
		5A668C3E18903FE7003F6324 /* L4.txt in Resources */ = {isa = PBXBuildFile; fileRef = 5A668C3D18903FE7003F6324 /* L4.txt */; };
		5A668C40189040F2003F6324 /* L5.txt in Resources */ = {isa = PBXBuildFile; fileRef = 5A668C3F189040F2003F6324 /* L5.txt */; };
/* End PBXBuildFile section */

/* Begin PBXContainerItemProxy section */
		5A35A56D186E025500A9E223 /* PBXContainerItemProxy */ = {
			isa = PBXContainerItemProxy;
			containerPortal = 5A35A538186E025500A9E223 /* Project object */;
			proxyType = 1;
			remoteGlobalIDString = 5A35A53F186E025500A9E223;
			remoteInfo = Rewind;
		};
/* End PBXContainerItemProxy section */

/* Begin PBXFileReference section */
		5A19E59318E8D76B00CD194F /* ghost.tif */ = {isa = PBXFileReference; lastKnownFileType = image.tiff; path = ghost.tif; sourceTree = "<group>"; };
		5A1A14401887687E00E162E7 /* TileMap.h */ = {isa = PBXFileReference; fileEncoding = 4; lastKnownFileType = sourcecode.c.h; path = TileMap.h; sourceTree = "<group>"; };
		5A1A14411887687E00E162E7 /* TileMap.m */ = {isa = PBXFileReference; fileEncoding = 4; lastKnownFileType = sourcecode.c.objc; path = TileMap.m; sourceTree = "<group>"; };
		5A1A1443188769FB00E162E7 /* L1.txt */ = {isa = PBXFileReference; fileEncoding = 4; lastKnownFileType = text; path = L1.txt; sourceTree = "<group>"; };
		5A1A1445188830E900E162E7 /* Player.h */ = {isa = PBXFileReference; fileEncoding = 4; lastKnownFileType = sourcecode.c.h; path = Player.h; sourceTree = "<group>"; };
		5A1A1446188830E900E162E7 /* Player.m */ = {isa = PBXFileReference; fileEncoding = 4; lastKnownFileType = sourcecode.c.objc; path = Player.m; sourceTree = "<group>"; };
		5A1A14481888F21000E162E7 /* World.h */ = {isa = PBXFileReference; fileEncoding = 4; lastKnownFileType = sourcecode.c.h; path = World.h; sourceTree = "<group>"; };
		5A1A14491888F21000E162E7 /* World.m */ = {isa = PBXFileReference; fileEncoding = 4; lastKnownFileType = sourcecode.c.objc; path = World.m; sourceTree = "<group>"; };
		5A278C6B18C14F6400A7DE0C /* Ghost.h */ = {isa = PBXFileReference; fileEncoding = 4; lastKnownFileType = sourcecode.c.h; path = Ghost.h; sourceTree = "<group>"; };
		5A278C6C18C14F6400A7DE0C /* Ghost.m */ = {isa = PBXFileReference; fileEncoding = 4; lastKnownFileType = sourcecode.c.objc; path = Ghost.m; sourceTree = "<group>"; };
		5A33380A18EA095700155CDB /* LeftButton.tif */ = {isa = PBXFileReference; lastKnownFileType = image.tiff; path = LeftButton.tif; sourceTree = "<group>"; };
		5A33380C18EA0A4A00155CDB /* JumpButton.tif */ = {isa = PBXFileReference; lastKnownFileType = image.tiff; path = JumpButton.tif; sourceTree = "<group>"; };
		5A33380D18EA0A4A00155CDB /* RewindButton.tif */ = {isa = PBXFileReference; lastKnownFileType = image.tiff; path = RewindButton.tif; sourceTree = "<group>"; };
		5A33380E18EA0A4A00155CDB /* RightButton.tif */ = {isa = PBXFileReference; lastKnownFileType = image.tiff; path = RightButton.tif; sourceTree = "<group>"; };
		5A35A540186E025500A9E223 /* Rewind.app */ = {isa = PBXFileReference; explicitFileType = wrapper.application; includeInIndex = 0; path = Rewind.app; sourceTree = BUILT_PRODUCTS_DIR; };
		5A35A543186E025500A9E223 /* Foundation.framework */ = {isa = PBXFileReference; lastKnownFileType = wrapper.framework; name = Foundation.framework; path = System/Library/Frameworks/Foundation.framework; sourceTree = SDKROOT; };
		5A35A545186E025500A9E223 /* CoreGraphics.framework */ = {isa = PBXFileReference; lastKnownFileType = wrapper.framework; name = CoreGraphics.framework; path = System/Library/Frameworks/CoreGraphics.framework; sourceTree = SDKROOT; };
		5A35A547186E025500A9E223 /* UIKit.framework */ = {isa = PBXFileReference; lastKnownFileType = wrapper.framework; name = UIKit.framework; path = System/Library/Frameworks/UIKit.framework; sourceTree = SDKROOT; };
		5A35A549186E025500A9E223 /* SpriteKit.framework */ = {isa = PBXFileReference; lastKnownFileType = wrapper.framework; name = SpriteKit.framework; path = System/Library/Frameworks/SpriteKit.framework; sourceTree = SDKROOT; };
		5A35A54D186E025500A9E223 /* Rewind-Info.plist */ = {isa = PBXFileReference; lastKnownFileType = text.plist.xml; path = "Rewind-Info.plist"; sourceTree = "<group>"; };
		5A35A54F186E025500A9E223 /* en */ = {isa = PBXFileReference; lastKnownFileType = text.plist.strings; name = en; path = en.lproj/InfoPlist.strings; sourceTree = "<group>"; };
		5A35A551186E025500A9E223 /* main.m */ = {isa = PBXFileReference; lastKnownFileType = sourcecode.c.objc; path = main.m; sourceTree = "<group>"; };
		5A35A553186E025500A9E223 /* Rewind-Prefix.pch */ = {isa = PBXFileReference; lastKnownFileType = sourcecode.c.h; path = "Rewind-Prefix.pch"; sourceTree = "<group>"; };
		5A35A554186E025500A9E223 /* AppDelegate.h */ = {isa = PBXFileReference; lastKnownFileType = sourcecode.c.h; path = AppDelegate.h; sourceTree = "<group>"; };
		5A35A555186E025500A9E223 /* AppDelegate.m */ = {isa = PBXFileReference; lastKnownFileType = sourcecode.c.objc; path = AppDelegate.m; sourceTree = "<group>"; };
		5A35A558186E025500A9E223 /* Base */ = {isa = PBXFileReference; lastKnownFileType = file.storyboard; name = Base; path = Base.lproj/Main.storyboard; sourceTree = "<group>"; };
		5A35A55A186E025500A9E223 /* ViewController.h */ = {isa = PBXFileReference; lastKnownFileType = sourcecode.c.h; path = ViewController.h; sourceTree = "<group>"; };
		5A35A55B186E025500A9E223 /* ViewController.m */ = {isa = PBXFileReference; lastKnownFileType = sourcecode.c.objc; path = ViewController.m; sourceTree = "<group>"; };
		5A35A55D186E025500A9E223 /* MyScene.h */ = {isa = PBXFileReference; lastKnownFileType = sourcecode.c.h; path = MyScene.h; sourceTree = "<group>"; };
		5A35A55E186E025500A9E223 /* MyScene.m */ = {isa = PBXFileReference; lastKnownFileType = sourcecode.c.objc; path = MyScene.m; sourceTree = "<group>"; };
		5A35A562186E025500A9E223 /* Images.xcassets */ = {isa = PBXFileReference; lastKnownFileType = folder.assetcatalog; path = Images.xcassets; sourceTree = "<group>"; };
		5A35A568186E025500A9E223 /* RewindTests.xctest */ = {isa = PBXFileReference; explicitFileType = wrapper.cfbundle; includeInIndex = 0; path = RewindTests.xctest; sourceTree = BUILT_PRODUCTS_DIR; };
		5A35A569186E025500A9E223 /* XCTest.framework */ = {isa = PBXFileReference; lastKnownFileType = wrapper.framework; name = XCTest.framework; path = Library/Frameworks/XCTest.framework; sourceTree = DEVELOPER_DIR; };
		5A35A571186E025500A9E223 /* RewindTests-Info.plist */ = {isa = PBXFileReference; lastKnownFileType = text.plist.xml; path = "RewindTests-Info.plist"; sourceTree = "<group>"; };
		5A35A573186E025500A9E223 /* en */ = {isa = PBXFileReference; lastKnownFileType = text.plist.strings; name = en; path = en.lproj/InfoPlist.strings; sourceTree = "<group>"; };
		5A35A575186E025500A9E223 /* RewindTests.m */ = {isa = PBXFileReference; lastKnownFileType = sourcecode.c.objc; path = RewindTests.m; sourceTree = "<group>"; };
		5A35A580186E05A100A9E223 /* player.jpg */ = {isa = PBXFileReference; lastKnownFileType = image.jpeg; path = player.jpg; sourceTree = "<group>"; };
		5A35A584186E0A6400A9E223 /* wall.jpg */ = {isa = PBXFileReference; lastKnownFileType = image.jpeg; path = wall.jpg; sourceTree = "<group>"; };
		5A668C3218902BFB003F6324 /* Goal.h */ = {isa = PBXFileReference; fileEncoding = 4; lastKnownFileType = sourcecode.c.h; path = Goal.h; sourceTree = "<group>"; };
		5A668C3318902BFB003F6324 /* Goal.m */ = {isa = PBXFileReference; fileEncoding = 4; lastKnownFileType = sourcecode.c.objc; path = Goal.m; sourceTree = "<group>"; };
		5A668C3518902EF7003F6324 /* L2.txt */ = {isa = PBXFileReference; fileEncoding = 4; lastKnownFileType = text; path = L2.txt; sourceTree = "<group>"; };
		5A668C3918903A19003F6324 /* goal.tif */ = {isa = PBXFileReference; lastKnownFileType = image.tiff; path = goal.tif; sourceTree = "<group>"; };
		5A668C3B18903E7D003F6324 /* L3.txt */ = {isa = PBXFileReference; fileEncoding = 4; lastKnownFileType = text; path = L3.txt; sourceTree = "<group>"; };
		5A668C3D18903FE7003F6324 /* L4.txt */ = {isa = PBXFileReference; fileEncoding = 4; lastKnownFileType = text; path = L4.txt; sourceTree = "<group>"; };
		5A668C3F189040F2003F6324 /* L5.txt */ = {isa = PBXFileReference; fileEncoding = 4; lastKnownFileType = text; path = L5.txt; sourceTree = "<group>"; };
/* End PBXFileReference section */

/* Begin PBXFrameworksBuildPhase section */
		5A35A53D186E025500A9E223 /* Frameworks */ = {
			isa = PBXFrameworksBuildPhase;
			buildActionMask = 2147483647;
			files = (
				5A35A546186E025500A9E223 /* CoreGraphics.framework in Frameworks */,
				5A35A548186E025500A9E223 /* UIKit.framework in Frameworks */,
				5A35A54A186E025500A9E223 /* SpriteKit.framework in Frameworks */,
				5A35A544186E025500A9E223 /* Foundation.framework in Frameworks */,
			);
			runOnlyForDeploymentPostprocessing = 0;
		};
		5A35A565186E025500A9E223 /* Frameworks */ = {
			isa = PBXFrameworksBuildPhase;
			buildActionMask = 2147483647;
			files = (
				5A35A56A186E025500A9E223 /* XCTest.framework in Frameworks */,
				5A35A56C186E025500A9E223 /* UIKit.framework in Frameworks */,
				5A35A56B186E025500A9E223 /* Foundation.framework in Frameworks */,
			);
			runOnlyForDeploymentPostprocessing = 0;
		};
/* End PBXFrameworksBuildPhase section */

/* Begin PBXGroup section */
		5A35A537186E025500A9E223 = {
			isa = PBXGroup;
			children = (
				5A35A54B186E025500A9E223 /* Rewind */,
				5A35A56F186E025500A9E223 /* RewindTests */,
				5A35A542186E025500A9E223 /* Frameworks */,
				5A35A541186E025500A9E223 /* Products */,
				5A35A57F186E05A100A9E223 /* RewindAssets */,
			);
			sourceTree = "<group>";
		};
		5A35A541186E025500A9E223 /* Products */ = {
			isa = PBXGroup;
			children = (
				5A35A540186E025500A9E223 /* Rewind.app */,
				5A35A568186E025500A9E223 /* RewindTests.xctest */,
			);
			name = Products;
			sourceTree = "<group>";
		};
		5A35A542186E025500A9E223 /* Frameworks */ = {
			isa = PBXGroup;
			children = (
				5A35A543186E025500A9E223 /* Foundation.framework */,
				5A35A545186E025500A9E223 /* CoreGraphics.framework */,
				5A35A547186E025500A9E223 /* UIKit.framework */,
				5A35A549186E025500A9E223 /* SpriteKit.framework */,
				5A35A569186E025500A9E223 /* XCTest.framework */,
			);
			name = Frameworks;
			sourceTree = "<group>";
		};
		5A35A54B186E025500A9E223 /* Rewind */ = {
			isa = PBXGroup;
			children = (
				5A35A554186E025500A9E223 /* AppDelegate.h */,
				5A35A555186E025500A9E223 /* AppDelegate.m */,
				5A35A557186E025500A9E223 /* Main.storyboard */,
				5A35A55A186E025500A9E223 /* ViewController.h */,
				5A35A55B186E025500A9E223 /* ViewController.m */,
				5A35A55D186E025500A9E223 /* MyScene.h */,
				5A35A55E186E025500A9E223 /* MyScene.m */,
				5A1A14481888F21000E162E7 /* World.h */,
				5A1A14491888F21000E162E7 /* World.m */,
				5A668C3218902BFB003F6324 /* Goal.h */,
				5A668C3318902BFB003F6324 /* Goal.m */,
				5A1A1445188830E900E162E7 /* Player.h */,
				5A1A1446188830E900E162E7 /* Player.m */,
				5A278C6B18C14F6400A7DE0C /* Ghost.h */,
				5A278C6C18C14F6400A7DE0C /* Ghost.m */,
				5A1A14401887687E00E162E7 /* TileMap.h */,
				5A1A14411887687E00E162E7 /* TileMap.m */,
				5A35A562186E025500A9E223 /* Images.xcassets */,
				5A35A54C186E025500A9E223 /* Supporting Files */,
			);
			path = Rewind;
			sourceTree = "<group>";
		};
		5A35A54C186E025500A9E223 /* Supporting Files */ = {
			isa = PBXGroup;
			children = (
				5A35A54D186E025500A9E223 /* Rewind-Info.plist */,
				5A35A54E186E025500A9E223 /* InfoPlist.strings */,
				5A35A551186E025500A9E223 /* main.m */,
				5A35A553186E025500A9E223 /* Rewind-Prefix.pch */,
			);
			name = "Supporting Files";
			sourceTree = "<group>";
		};
		5A35A56F186E025500A9E223 /* RewindTests */ = {
			isa = PBXGroup;
			children = (
				5A35A575186E025500A9E223 /* RewindTests.m */,
				5A35A570186E025500A9E223 /* Supporting Files */,
			);
			path = RewindTests;
			sourceTree = "<group>";
		};
		5A35A570186E025500A9E223 /* Supporting Files */ = {
			isa = PBXGroup;
			children = (
				5A35A571186E025500A9E223 /* RewindTests-Info.plist */,
				5A35A572186E025500A9E223 /* InfoPlist.strings */,
			);
			name = "Supporting Files";
			sourceTree = "<group>";
		};
		5A35A57F186E05A100A9E223 /* RewindAssets */ = {
			isa = PBXGroup;
			children = (
				5A35A580186E05A100A9E223 /* player.jpg */,
				5A19E59318E8D76B00CD194F /* ghost.tif */,
				5A35A584186E0A6400A9E223 /* wall.jpg */,
				5A668C3918903A19003F6324 /* goal.tif */,
				5A33380A18EA095700155CDB /* LeftButton.tif */,
				5A33380E18EA0A4A00155CDB /* RightButton.tif */,
				5A33380D18EA0A4A00155CDB /* RewindButton.tif */,
				5A33380C18EA0A4A00155CDB /* JumpButton.tif */,
				5A1A1443188769FB00E162E7 /* L1.txt */,
				5A668C3518902EF7003F6324 /* L2.txt */,
				5A668C3B18903E7D003F6324 /* L3.txt */,
				5A668C3D18903FE7003F6324 /* L4.txt */,
				5A668C3F189040F2003F6324 /* L5.txt */,
			);
			path = RewindAssets;
			sourceTree = "<group>";
		};
/* End PBXGroup section */

/* Begin PBXNativeTarget section */
		5A35A53F186E025500A9E223 /* Rewind */ = {
			isa = PBXNativeTarget;
			buildConfigurationList = 5A35A579186E025500A9E223 /* Build configuration list for PBXNativeTarget "Rewind" */;
			buildPhases = (
				5A35A53C186E025500A9E223 /* Sources */,
				5A35A53D186E025500A9E223 /* Frameworks */,
				5A35A53E186E025500A9E223 /* Resources */,
			);
			buildRules = (
			);
			dependencies = (
			);
			name = Rewind;
			productName = Rewind;
			productReference = 5A35A540186E025500A9E223 /* Rewind.app */;
			productType = "com.apple.product-type.application";
		};
		5A35A567186E025500A9E223 /* RewindTests */ = {
			isa = PBXNativeTarget;
			buildConfigurationList = 5A35A57C186E025500A9E223 /* Build configuration list for PBXNativeTarget "RewindTests" */;
			buildPhases = (
				5A35A564186E025500A9E223 /* Sources */,
				5A35A565186E025500A9E223 /* Frameworks */,
				5A35A566186E025500A9E223 /* Resources */,
			);
			buildRules = (
			);
			dependencies = (
				5A35A56E186E025500A9E223 /* PBXTargetDependency */,
			);
			name = RewindTests;
			productName = RewindTests;
			productReference = 5A35A568186E025500A9E223 /* RewindTests.xctest */;
			productType = "com.apple.product-type.bundle.unit-test";
		};
/* End PBXNativeTarget section */

/* Begin PBXProject section */
		5A35A538186E025500A9E223 /* Project object */ = {
			isa = PBXProject;
			attributes = {
				LastUpgradeCheck = 0510;
				ORGANIZATIONNAME = "Phillip Seo";
				TargetAttributes = {
					5A35A567186E025500A9E223 = {
						TestTargetID = 5A35A53F186E025500A9E223;
					};
				};
			};
			buildConfigurationList = 5A35A53B186E025500A9E223 /* Build configuration list for PBXProject "Rewind" */;
			compatibilityVersion = "Xcode 3.2";
			developmentRegion = English;
			hasScannedForEncodings = 0;
			knownRegions = (
				en,
				Base,
			);
			mainGroup = 5A35A537186E025500A9E223;
			productRefGroup = 5A35A541186E025500A9E223 /* Products */;
			projectDirPath = "";
			projectRoot = "";
			targets = (
				5A35A53F186E025500A9E223 /* Rewind */,
				5A35A567186E025500A9E223 /* RewindTests */,
			);
		};
/* End PBXProject section */

/* Begin PBXResourcesBuildPhase section */
		5A35A53E186E025500A9E223 /* Resources */ = {
			isa = PBXResourcesBuildPhase;
			buildActionMask = 2147483647;
			files = (
				5A668C3E18903FE7003F6324 /* L4.txt in Resources */,
				5A35A550186E025500A9E223 /* InfoPlist.strings in Resources */,
				5A35A585186E0A6400A9E223 /* wall.jpg in Resources */,
				5A668C3618902EF7003F6324 /* L2.txt in Resources */,
				5A35A581186E05A100A9E223 /* player.jpg in Resources */,
				5A33380F18EA0A4A00155CDB /* JumpButton.tif in Resources */,
				5A668C3C18903E7D003F6324 /* L3.txt in Resources */,
				5A668C3A18903A19003F6324 /* goal.tif in Resources */,
				5A19E59418E8D76B00CD194F /* ghost.tif in Resources */,
				5A1A1444188769FB00E162E7 /* L1.txt in Resources */,
				5A33381118EA0A4A00155CDB /* RightButton.tif in Resources */,
				5A35A563186E025500A9E223 /* Images.xcassets in Resources */,
				5A33381018EA0A4A00155CDB /* RewindButton.tif in Resources */,
				5A668C40189040F2003F6324 /* L5.txt in Resources */,
				5A33380B18EA095700155CDB /* LeftButton.tif in Resources */,
				5A35A559186E025500A9E223 /* Main.storyboard in Resources */,
			);
			runOnlyForDeploymentPostprocessing = 0;
		};
		5A35A566186E025500A9E223 /* Resources */ = {
			isa = PBXResourcesBuildPhase;
			buildActionMask = 2147483647;
			files = (
				5A35A574186E025500A9E223 /* InfoPlist.strings in Resources */,
			);
			runOnlyForDeploymentPostprocessing = 0;
		};
/* End PBXResourcesBuildPhase section */

/* Begin PBXSourcesBuildPhase section */
		5A35A53C186E025500A9E223 /* Sources */ = {
			isa = PBXSourcesBuildPhase;
			buildActionMask = 2147483647;
			files = (
				5A35A55F186E025500A9E223 /* MyScene.m in Sources */,
				5A1A144A1888F21000E162E7 /* World.m in Sources */,
				5A35A55C186E025500A9E223 /* ViewController.m in Sources */,
				5A278C6D18C14F6400A7DE0C /* Ghost.m in Sources */,
				5A1A14421887687E00E162E7 /* TileMap.m in Sources */,
				5A668C3418902BFB003F6324 /* Goal.m in Sources */,
				5A35A556186E025500A9E223 /* AppDelegate.m in Sources */,
				5A1A1447188830E900E162E7 /* Player.m in Sources */,
				5A35A552186E025500A9E223 /* main.m in Sources */,
			);
			runOnlyForDeploymentPostprocessing = 0;
		};
		5A35A564186E025500A9E223 /* Sources */ = {
			isa = PBXSourcesBuildPhase;
			buildActionMask = 2147483647;
			files = (
				5A35A576186E025500A9E223 /* RewindTests.m in Sources */,
			);
			runOnlyForDeploymentPostprocessing = 0;
		};
/* End PBXSourcesBuildPhase section */

/* Begin PBXTargetDependency section */
		5A35A56E186E025500A9E223 /* PBXTargetDependency */ = {
			isa = PBXTargetDependency;
			target = 5A35A53F186E025500A9E223 /* Rewind */;
			targetProxy = 5A35A56D186E025500A9E223 /* PBXContainerItemProxy */;
		};
/* End PBXTargetDependency section */

/* Begin PBXVariantGroup section */
		5A35A54E186E025500A9E223 /* InfoPlist.strings */ = {
			isa = PBXVariantGroup;
			children = (
				5A35A54F186E025500A9E223 /* en */,
			);
			name = InfoPlist.strings;
			sourceTree = "<group>";
		};
		5A35A557186E025500A9E223 /* Main.storyboard */ = {
			isa = PBXVariantGroup;
			children = (
				5A35A558186E025500A9E223 /* Base */,
			);
			name = Main.storyboard;
			sourceTree = "<group>";
		};
		5A35A572186E025500A9E223 /* InfoPlist.strings */ = {
			isa = PBXVariantGroup;
			children = (
				5A35A573186E025500A9E223 /* en */,
			);
			name = InfoPlist.strings;
			sourceTree = "<group>";
		};
/* End PBXVariantGroup section */

/* Begin XCBuildConfiguration section */
		5A35A577186E025500A9E223 /* Debug */ = {
			isa = XCBuildConfiguration;
			buildSettings = {
				ALWAYS_SEARCH_USER_PATHS = NO;
				CLANG_CXX_LANGUAGE_STANDARD = "gnu++0x";
				CLANG_CXX_LIBRARY = "libc++";
				CLANG_ENABLE_MODULES = YES;
				CLANG_ENABLE_OBJC_ARC = YES;
				CLANG_WARN_BOOL_CONVERSION = YES;
				CLANG_WARN_CONSTANT_CONVERSION = YES;
				CLANG_WARN_DIRECT_OBJC_ISA_USAGE = YES_ERROR;
				CLANG_WARN_EMPTY_BODY = YES;
				CLANG_WARN_ENUM_CONVERSION = YES;
				CLANG_WARN_INT_CONVERSION = YES;
				CLANG_WARN_OBJC_ROOT_CLASS = YES_ERROR;
				CLANG_WARN__DUPLICATE_METHOD_MATCH = YES;
				"CODE_SIGN_IDENTITY[sdk=iphoneos*]" = "iPhone Developer";
				COPY_PHASE_STRIP = NO;
				GCC_C_LANGUAGE_STANDARD = gnu99;
				GCC_DYNAMIC_NO_PIC = NO;
				GCC_OPTIMIZATION_LEVEL = 0;
				GCC_PREPROCESSOR_DEFINITIONS = (
					"DEBUG=1",
					"$(inherited)",
				);
				GCC_SYMBOLS_PRIVATE_EXTERN = NO;
				GCC_WARN_64_TO_32_BIT_CONVERSION = YES;
				GCC_WARN_ABOUT_RETURN_TYPE = YES_ERROR;
				GCC_WARN_UNDECLARED_SELECTOR = YES;
				GCC_WARN_UNINITIALIZED_AUTOS = YES;
				GCC_WARN_UNUSED_FUNCTION = YES;
				GCC_WARN_UNUSED_VARIABLE = YES;
				IPHONEOS_DEPLOYMENT_TARGET = 7.0;
				ONLY_ACTIVE_ARCH = YES;
				SDKROOT = iphoneos;
			};
			name = Debug;
		};
		5A35A578186E025500A9E223 /* Release */ = {
			isa = XCBuildConfiguration;
			buildSettings = {
				ALWAYS_SEARCH_USER_PATHS = NO;
				CLANG_CXX_LANGUAGE_STANDARD = "gnu++0x";
				CLANG_CXX_LIBRARY = "libc++";
				CLANG_ENABLE_MODULES = YES;
				CLANG_ENABLE_OBJC_ARC = YES;
				CLANG_WARN_BOOL_CONVERSION = YES;
				CLANG_WARN_CONSTANT_CONVERSION = YES;
				CLANG_WARN_DIRECT_OBJC_ISA_USAGE = YES_ERROR;
				CLANG_WARN_EMPTY_BODY = YES;
				CLANG_WARN_ENUM_CONVERSION = YES;
				CLANG_WARN_INT_CONVERSION = YES;
				CLANG_WARN_OBJC_ROOT_CLASS = YES_ERROR;
				CLANG_WARN__DUPLICATE_METHOD_MATCH = YES;
				"CODE_SIGN_IDENTITY[sdk=iphoneos*]" = "iPhone Developer";
				COPY_PHASE_STRIP = YES;
				ENABLE_NS_ASSERTIONS = NO;
				GCC_C_LANGUAGE_STANDARD = gnu99;
				GCC_WARN_64_TO_32_BIT_CONVERSION = YES;
				GCC_WARN_ABOUT_RETURN_TYPE = YES_ERROR;
				GCC_WARN_UNDECLARED_SELECTOR = YES;
				GCC_WARN_UNINITIALIZED_AUTOS = YES;
				GCC_WARN_UNUSED_FUNCTION = YES;
				GCC_WARN_UNUSED_VARIABLE = YES;
				IPHONEOS_DEPLOYMENT_TARGET = 7.0;
				SDKROOT = iphoneos;
				VALIDATE_PRODUCT = YES;
			};
			name = Release;
		};
		5A35A57A186E025500A9E223 /* Debug */ = {
			isa = XCBuildConfiguration;
			buildSettings = {
				ASSETCATALOG_COMPILER_APPICON_NAME = AppIcon;
				ASSETCATALOG_COMPILER_LAUNCHIMAGE_NAME = LaunchImage;
				GCC_PRECOMPILE_PREFIX_HEADER = YES;
				GCC_PREFIX_HEADER = "Rewind/Rewind-Prefix.pch";
				INFOPLIST_FILE = "Rewind/Rewind-Info.plist";
				PRODUCT_NAME = "$(TARGET_NAME)";
				SPRITEKIT_TEXTURE_ATLAS_OUTPUT = YES;
				WRAPPER_EXTENSION = app;
			};
			name = Debug;
		};
		5A35A57B186E025500A9E223 /* Release */ = {
			isa = XCBuildConfiguration;
			buildSettings = {
				ASSETCATALOG_COMPILER_APPICON_NAME = AppIcon;
				ASSETCATALOG_COMPILER_LAUNCHIMAGE_NAME = LaunchImage;
				GCC_PRECOMPILE_PREFIX_HEADER = YES;
				GCC_PREFIX_HEADER = "Rewind/Rewind-Prefix.pch";
				INFOPLIST_FILE = "Rewind/Rewind-Info.plist";
				PRODUCT_NAME = "$(TARGET_NAME)";
				SPRITEKIT_TEXTURE_ATLAS_OUTPUT = YES;
				WRAPPER_EXTENSION = app;
			};
			name = Release;
		};
		5A35A57D186E025500A9E223 /* Debug */ = {
			isa = XCBuildConfiguration;
			buildSettings = {
				BUNDLE_LOADER = "$(BUILT_PRODUCTS_DIR)/Rewind.app/Rewind";
				FRAMEWORK_SEARCH_PATHS = (
					"$(SDKROOT)/Developer/Library/Frameworks",
					"$(inherited)",
					"$(DEVELOPER_FRAMEWORKS_DIR)",
				);
				GCC_PRECOMPILE_PREFIX_HEADER = YES;
				GCC_PREFIX_HEADER = "Rewind/Rewind-Prefix.pch";
				GCC_PREPROCESSOR_DEFINITIONS = (
					"DEBUG=1",
					"$(inherited)",
				);
				INFOPLIST_FILE = "RewindTests/RewindTests-Info.plist";
				PRODUCT_NAME = "$(TARGET_NAME)";
				TEST_HOST = "$(BUNDLE_LOADER)";
				WRAPPER_EXTENSION = xctest;
			};
			name = Debug;
		};
		5A35A57E186E025500A9E223 /* Release */ = {
			isa = XCBuildConfiguration;
			buildSettings = {
				BUNDLE_LOADER = "$(BUILT_PRODUCTS_DIR)/Rewind.app/Rewind";
				FRAMEWORK_SEARCH_PATHS = (
					"$(SDKROOT)/Developer/Library/Frameworks",
					"$(inherited)",
					"$(DEVELOPER_FRAMEWORKS_DIR)",
				);
				GCC_PRECOMPILE_PREFIX_HEADER = YES;
				GCC_PREFIX_HEADER = "Rewind/Rewind-Prefix.pch";
				INFOPLIST_FILE = "RewindTests/RewindTests-Info.plist";
				PRODUCT_NAME = "$(TARGET_NAME)";
				TEST_HOST = "$(BUNDLE_LOADER)";
				WRAPPER_EXTENSION = xctest;
			};
			name = Release;
		};
/* End XCBuildConfiguration section */

/* Begin XCConfigurationList section */
		5A35A53B186E025500A9E223 /* Build configuration list for PBXProject "Rewind" */ = {
			isa = XCConfigurationList;
			buildConfigurations = (
				5A35A577186E025500A9E223 /* Debug */,
				5A35A578186E025500A9E223 /* Release */,
			);
			defaultConfigurationIsVisible = 0;
			defaultConfigurationName = Release;
		};
		5A35A579186E025500A9E223 /* Build configuration list for PBXNativeTarget "Rewind" */ = {
			isa = XCConfigurationList;
			buildConfigurations = (
				5A35A57A186E025500A9E223 /* Debug */,
				5A35A57B186E025500A9E223 /* Release */,
			);
			defaultConfigurationIsVisible = 0;
			defaultConfigurationName = Release;
		};
		5A35A57C186E025500A9E223 /* Build configuration list for PBXNativeTarget "RewindTests" */ = {
			isa = XCConfigurationList;
			buildConfigurations = (
				5A35A57D186E025500A9E223 /* Debug */,
				5A35A57E186E025500A9E223 /* Release */,
			);
			defaultConfigurationIsVisible = 0;
			defaultConfigurationName = Release;
		};
/* End XCConfigurationList section */
	};
	rootObject = 5A35A538186E025500A9E223 /* Project object */;
}
